<?xml version="1.0" encoding="utf-8"?>
<Project ToolsVersion="4.0" xmlns="http://schemas.microsoft.com/developer/msbuild/2003">
  <ItemGroup>
    <Filter Include="Source Files">
      <UniqueIdentifier>{4FC737F1-C7A5-4376-A066-2A32D752A2FF}</UniqueIdentifier>
      <Extensions>cpp;c;cc;cxx;c++;cppm;ixx;def;odl;idl;hpj;bat;asm;asmx</Extensions>
    </Filter>
    <Filter Include="Header Files">
      <UniqueIdentifier>{93995380-89BD-4b04-88EB-625FBE52EBFB}</UniqueIdentifier>
      <Extensions>h;hh;hpp;hxx;h++;hm;inl;inc;ipp;xsd</Extensions>
    </Filter>
    <Filter Include="Resource Files">
      <UniqueIdentifier>{67DA6AB6-F800-4c08-8B7A-83BB121AAD01}</UniqueIdentifier>
      <Extensions>rc;ico;cur;bmp;dlg;rc2;rct;bin;rgs;gif;jpg;jpeg;jpe;resx;tiff;tif;png;wav;mfcribbon-ms</Extensions>
    </Filter>
  </ItemGroup>
  <ItemGroup>
    <ClCompile Include="learningCode.cpp">
      <Filter>Source Files</Filter>
    </ClCompile>
    <ClCompile Include="ImaniLesson1.cpp">
      <Filter>Source Files</Filter>
    </ClCompile>
    <ClCompile Include="AlenaLesson1.cpp">
      <Filter>Source Files</Filter>
    </ClCompile>
    <ClCompile Include="Lesson1.cpp">
      <Filter>Source Files</Filter>
    </ClCompile>
    <ClCompile Include="AlenaLesson2.cpp">
      <Filter>Source Files</Filter>
    </ClCompile>
    <ClCompile Include="ImaniLesson2.cpp">
      <Filter>Source Files</Filter>
    </ClCompile>
    <ClCompile Include="Lesson2.cpp">
      <Filter>Source Files</Filter>
    </ClCompile>
    <ClCompile Include="Lesson3.cpp">
      <Filter>Source Files</Filter>
    </ClCompile>
    <ClCompile Include="AlenaLesson3.cpp">
      <Filter>Source Files</Filter>
    </ClCompile>
    <ClCompile Include="ImaniLesson3.cpp">
      <Filter>Source Files</Filter>
    </ClCompile>
    <ClCompile Include="Lesson4.cpp">
      <Filter>Source Files</Filter>
    </ClCompile>
    <ClCompile Include="ImaniLesson4.cpp">
      <Filter>Source Files</Filter>
    </ClCompile>
    <ClCompile Include="AlenaLesson4.cpp">
      <Filter>Source Files</Filter>
    </ClCompile>
    <ClCompile Include="lesson5.cpp">
      <Filter>Source Files</Filter>
    </ClCompile>
    <ClCompile Include="CodyLesson2.cpp">
      <Filter>Source Files</Filter>
    </ClCompile>
    <ClCompile Include="AlenaLesson5.cpp">
      <Filter>Source Files</Filter>
    </ClCompile>
    <ClCompile Include="ImaniLesson5.cpp">
      <Filter>Source Files</Filter>
    </ClCompile>
    <ClCompile Include="CodyLesson3.cpp">
      <Filter>Source Files</Filter>
    </ClCompile>
    <ClCompile Include="avg.cpp">
      <Filter>Source Files</Filter>
    </ClCompile>
    <ClCompile Include="CodyLesson6.cpp">
      <Filter>Source Files</Filter>
    </ClCompile>
    <ClCompile Include="CodyLesson4.cpp">
      <Filter>Source Files</Filter>
    </ClCompile>
  </ItemGroup>
  <ItemGroup>
    <ClInclude Include="avg.h">
      <Filter>Source Files</Filter>
    </ClInclude>
    <ClInclude Include="ImaniLesson5.h">
      <Filter>Source Files</Filter>
    </ClInclude>
    <ClInclude Include="Global.h">
      <Filter>Header Files</Filter>
    </ClInclude>
    <ClInclude Include="CodyLesson2.h">
      <Filter>Header Files</Filter>
    </ClInclude>
    <ClInclude Include="CodyLesson3.h">
      <Filter>Header Files</Filter>
    </ClInclude>
    <ClInclude Include="CodyLesson4.h">
      <Filter>Header Files</Filter>
    </ClInclude>
    <ClInclude Include="CodyLesson6.h">
      <Filter>Header Files</Filter>
    </ClInclude>
  </ItemGroup>
</Project>